
Microsoft Visual Studio Solution File, Format Version 12.00
# Visual Studio Version 17
VisualStudioVersion = 17.7.33711.374
MinimumVisualStudioVersion = 10.0.40219.1
Project("{FAE04EC0-301F-11D3-BF4B-00C04F79EFBC}") = "zz_MauiBugs", "zz_MauiBugs.csproj", "{7CF7B801-9063-44ED-8955-538A309AE174}"
EndProject
Global
	GlobalSection(SolutionConfigurationPlatforms) = preSolution
		Debug|Any CPU = Debug|Any CPU
		Release|Any CPU = Release|Any CPU
	EndGlobalSection
	GlobalSection(ProjectConfigurationPlatforms) = postSolution
		{7CF7B801-9063-44ED-8955-538A309AE174}.Debug|Any CPU.ActiveCfg = Debug|Any CPU
		{7CF7B801-9063-44ED-8955-538A309AE174}.Debug|Any CPU.Build.0 = Debug|Any CPU
		{7CF7B801-9063-44ED-8955-538A309AE174}.Debug|Any CPU.Deploy.0 = Debug|Any CPU
		{7CF7B801-9063-44ED-8955-538A309AE174}.Release|Any CPU.ActiveCfg = Release|Any CPU
		{7CF7B801-9063-44ED-8955-538A309AE174}.Release|Any CPU.Build.0 = Release|Any CPU
		{7CF7B801-9063-44ED-8955-538A309AE174}.Release|Any CPU.Deploy.0 = Release|Any CPU
	EndGlobalSection
	GlobalSection(SolutionProperties) = preSolution
		HideSolutionNode = FALSE
	EndGlobalSection
	GlobalSection(ExtensibilityGlobals) = postSolution
		SolutionGuid = {5FF03227-FC79-4382-A387-BDE39CE3D690}
	EndGlobalSection
EndGlobal
